
Microsoft Visual Studio Solution File, Format Version 12.00
# Visual Studio 2012
Project("{FAE04EC0-301F-11D3-BF4B-00C04F79EFBC}") = "Websocket.Portable.Xam", "Websocket.Portable.Xam.csproj", "{6A28CAA3-34DF-44EB-B0D0-191293C30040}"
EndProject
Project("{FAE04EC0-301F-11D3-BF4B-00C04F79EFBC}") = "Websocket.Portable.Xam.Droid", "Droid\Websocket.Portable.Xam.Droid.csproj", "{668119A0-1A62-499F-A7F9-7BB7BC9E1D76}"
EndProject
Project("{FAE04EC0-301F-11D3-BF4B-00C04F79EFBC}") = "WebSocket.Portable.Core", "..\..\WebSocket.Portable.Core\WebSocket.Portable.Core.csproj", "{FC55954C-88E3-4477-A93E-0F734224CFB6}"
EndProject
Global
	GlobalSection(SolutionConfigurationPlatforms) = preSolution
		Debug|Any CPU = Debug|Any CPU
		Release|Any CPU = Release|Any CPU
	EndGlobalSection
	GlobalSection(ProjectConfigurationPlatforms) = postSolution
		{668119A0-1A62-499F-A7F9-7BB7BC9E1D76}.Debug|Any CPU.ActiveCfg = Debug|Any CPU
		{668119A0-1A62-499F-A7F9-7BB7BC9E1D76}.Debug|Any CPU.Build.0 = Debug|Any CPU
		{668119A0-1A62-499F-A7F9-7BB7BC9E1D76}.Release|Any CPU.ActiveCfg = Release|Any CPU
		{668119A0-1A62-499F-A7F9-7BB7BC9E1D76}.Release|Any CPU.Build.0 = Release|Any CPU
		{6A28CAA3-34DF-44EB-B0D0-191293C30040}.Debug|Any CPU.ActiveCfg = Debug|Any CPU
		{6A28CAA3-34DF-44EB-B0D0-191293C30040}.Debug|Any CPU.Build.0 = Debug|Any CPU
		{6A28CAA3-34DF-44EB-B0D0-191293C30040}.Release|Any CPU.ActiveCfg = Release|Any CPU
		{6A28CAA3-34DF-44EB-B0D0-191293C30040}.Release|Any CPU.Build.0 = Release|Any CPU
		{FC55954C-88E3-4477-A93E-0F734224CFB6}.Debug|Any CPU.ActiveCfg = Debug|Any CPU
		{FC55954C-88E3-4477-A93E-0F734224CFB6}.Debug|Any CPU.Build.0 = Debug|Any CPU
		{FC55954C-88E3-4477-A93E-0F734224CFB6}.Release|Any CPU.ActiveCfg = Release|Any CPU
		{FC55954C-88E3-4477-A93E-0F734224CFB6}.Release|Any CPU.Build.0 = Release|Any CPU
	EndGlobalSection
EndGlobal
